
Microsoft Visual Studio Solution File, Format Version 12.00
# Visual Studio Version 16
VisualStudioVersion = 16.0.32802.440
MinimumVisualStudioVersion = 10.0.40219.1
Project("{FAE04EC0-301F-11D3-BF4B-00C04F79EFBC}") = "Project02", "Project02\Project02.csproj", "{DCAC0CD5-E6BC-4BF3-AA67-1E3CDFEE2A5B}"
EndProject
Global
	GlobalSection(SolutionConfigurationPlatforms) = preSolution
		Debug|Any CPU = Debug|Any CPU
		Release|Any CPU = Release|Any CPU
	EndGlobalSection
	GlobalSection(ProjectConfigurationPlatforms) = postSolution
		{DCAC0CD5-E6BC-4BF3-AA67-1E3CDFEE2A5B}.Debug|Any CPU.ActiveCfg = Debug|Any CPU
		{DCAC0CD5-E6BC-4BF3-AA67-1E3CDFEE2A5B}.Debug|Any CPU.Build.0 = Debug|Any CPU
		{DCAC0CD5-E6BC-4BF3-AA67-1E3CDFEE2A5B}.Release|Any CPU.ActiveCfg = Release|Any CPU
		{DCAC0CD5-E6BC-4BF3-AA67-1E3CDFEE2A5B}.Release|Any CPU.Build.0 = Release|Any CPU
	EndGlobalSection
	GlobalSection(SolutionProperties) = preSolution
		HideSolutionNode = FALSE
	EndGlobalSection
	GlobalSection(ExtensibilityGlobals) = postSolution
		SolutionGuid = {CEB6D52B-AE7D-4522-85C5-D22CEF3876F2}
	EndGlobalSection
EndGlobal
